
Microsoft Visual Studio Solution File, Format Version 12.00
# Visual Studio Version 17
VisualStudioVersion = 17.11.35327.3
MinimumVisualStudioVersion = 10.0.40219.1
Project("{9A19103F-16F7-4668-BE54-9A1E7A4F7556}") = "BiyaHero", "BiyaHero\BiyaHero.csproj", "{98619465-C9AA-493D-AF93-5C18BEC1BD2D}"
EndProject
Project("{2150E333-8FDC-42A3-9474-1A3956D46DE8}") = "Solution Items", "Solution Items", "{68595F6E-B181-4805-A4B1-E04BF00DBF58}"
EndProject
Project("{2150E333-8FDC-42A3-9474-1A3956D46DE8}") = "FirebaseCredentials", "FirebaseCredentials", "{63B5E164-0271-4EFF-8121-A1BB8CFF7200}"
	ProjectSection(SolutionItems) = preProject
		C:\Users\User\Downloads\biyahero-b6e78-firebase-adminsdk-s6m16-e1db650ff1.json = C:\Users\User\Downloads\biyahero-b6e78-firebase-adminsdk-s6m16-e1db650ff1.json
	EndProjectSection
EndProject
Global
	GlobalSection(SolutionConfigurationPlatforms) = preSolution
		Debug|Any CPU = Debug|Any CPU
		Release|Any CPU = Release|Any CPU
	EndGlobalSection
	GlobalSection(ProjectConfigurationPlatforms) = postSolution
		{98619465-C9AA-493D-AF93-5C18BEC1BD2D}.Debug|Any CPU.ActiveCfg = Debug|Any CPU
		{98619465-C9AA-493D-AF93-5C18BEC1BD2D}.Debug|Any CPU.Build.0 = Debug|Any CPU
		{98619465-C9AA-493D-AF93-5C18BEC1BD2D}.Debug|Any CPU.Deploy.0 = Debug|Any CPU
		{98619465-C9AA-493D-AF93-5C18BEC1BD2D}.Release|Any CPU.ActiveCfg = Release|Any CPU
		{98619465-C9AA-493D-AF93-5C18BEC1BD2D}.Release|Any CPU.Build.0 = Release|Any CPU
		{98619465-C9AA-493D-AF93-5C18BEC1BD2D}.Release|Any CPU.Deploy.0 = Release|Any CPU
	EndGlobalSection
	GlobalSection(SolutionProperties) = preSolution
		HideSolutionNode = FALSE
	EndGlobalSection
	GlobalSection(ExtensibilityGlobals) = postSolution
		SolutionGuid = {B8E90AC5-24DF-43AB-AE88-2E19C6131A64}
	EndGlobalSection
EndGlobal
